
Microsoft Visual Studio Solution File, Format Version 12.00
# Visual Studio Version 16
VisualStudioVersion = 16.0.29709.97
MinimumVisualStudioVersion = 10.0.40219.1
Project("{FAE04EC0-301F-11D3-BF4B-00C04F79EFBC}") = "SAT.DataAccess", "SAT.DataAccess\SAT.DataAccess.csproj", "{745B148D-11EC-4FCD-BAC3-7E1C85796186}"
EndProject
Project("{FAE04EC0-301F-11D3-BF4B-00C04F79EFBC}") = "SAT.Business", "SAT.Business\SAT.Business.csproj", "{E9B9AA2B-E556-4463-B35F-41EACDB9A17C}"
EndProject
Project("{FAE04EC0-301F-11D3-BF4B-00C04F79EFBC}") = "SAT.WebFormsUI", "SAT.WebFormsUI\SAT.WebFormsUI.csproj", "{4E7913E5-36EE-4FBD-9DC7-F3ED9111239C}"
EndProject
Project("{FAE04EC0-301F-11D3-BF4B-00C04F79EFBC}") = "SAT.Entities", "SAT.Entities\SAT.Entities.csproj", "{C45CA429-933A-43B8-9E8D-D0985CE11D6F}"
EndProject
Global
	GlobalSection(SolutionConfigurationPlatforms) = preSolution
		Debug|Any CPU = Debug|Any CPU
		Release|Any CPU = Release|Any CPU
	EndGlobalSection
	GlobalSection(ProjectConfigurationPlatforms) = postSolution
		{745B148D-11EC-4FCD-BAC3-7E1C85796186}.Debug|Any CPU.ActiveCfg = Debug|Any CPU
		{745B148D-11EC-4FCD-BAC3-7E1C85796186}.Debug|Any CPU.Build.0 = Debug|Any CPU
		{745B148D-11EC-4FCD-BAC3-7E1C85796186}.Release|Any CPU.ActiveCfg = Release|Any CPU
		{745B148D-11EC-4FCD-BAC3-7E1C85796186}.Release|Any CPU.Build.0 = Release|Any CPU
		{E9B9AA2B-E556-4463-B35F-41EACDB9A17C}.Debug|Any CPU.ActiveCfg = Debug|Any CPU
		{E9B9AA2B-E556-4463-B35F-41EACDB9A17C}.Debug|Any CPU.Build.0 = Debug|Any CPU
		{E9B9AA2B-E556-4463-B35F-41EACDB9A17C}.Release|Any CPU.ActiveCfg = Release|Any CPU
		{E9B9AA2B-E556-4463-B35F-41EACDB9A17C}.Release|Any CPU.Build.0 = Release|Any CPU
		{4E7913E5-36EE-4FBD-9DC7-F3ED9111239C}.Debug|Any CPU.ActiveCfg = Debug|Any CPU
		{4E7913E5-36EE-4FBD-9DC7-F3ED9111239C}.Debug|Any CPU.Build.0 = Debug|Any CPU
		{4E7913E5-36EE-4FBD-9DC7-F3ED9111239C}.Release|Any CPU.ActiveCfg = Release|Any CPU
		{4E7913E5-36EE-4FBD-9DC7-F3ED9111239C}.Release|Any CPU.Build.0 = Release|Any CPU
		{C45CA429-933A-43B8-9E8D-D0985CE11D6F}.Debug|Any CPU.ActiveCfg = Debug|Any CPU
		{C45CA429-933A-43B8-9E8D-D0985CE11D6F}.Debug|Any CPU.Build.0 = Debug|Any CPU
		{C45CA429-933A-43B8-9E8D-D0985CE11D6F}.Release|Any CPU.ActiveCfg = Release|Any CPU
		{C45CA429-933A-43B8-9E8D-D0985CE11D6F}.Release|Any CPU.Build.0 = Release|Any CPU
	EndGlobalSection
	GlobalSection(SolutionProperties) = preSolution
		HideSolutionNode = FALSE
	EndGlobalSection
	GlobalSection(ExtensibilityGlobals) = postSolution
		SolutionGuid = {3D66A938-C065-473E-B742-AF1DB2CDBA70}
	EndGlobalSection
EndGlobal
